
Microsoft Visual Studio Solution File, Format Version 12.00
# Visual Studio 15
Project("{FAE04EC0-301F-11D3-BF4B-00C04F79EFBC}") = "Assembly-CSharp-Editor", "Assembly-CSharp-Editor.csproj", "{B9549C77-67A4-C1A8-7A32-3C1DF003F825}"
EndProject
Project("{FAE04EC0-301F-11D3-BF4B-00C04F79EFBC}") = "Assembly-CSharp", "Assembly-CSharp.csproj", "{2BFF8DE8-325E-EEB5-A771-CF2402825DB2}"
EndProject
Global
	GlobalSection(SolutionConfigurationPlatforms) = preSolution
		Debug|Any CPU = Debug|Any CPU
		Release|Any CPU = Release|Any CPU
	EndGlobalSection
	GlobalSection(ProjectConfigurationPlatforms) = postSolution
		{B9549C77-67A4-C1A8-7A32-3C1DF003F825}.Debug|Any CPU.ActiveCfg = Debug|Any CPU
		{B9549C77-67A4-C1A8-7A32-3C1DF003F825}.Debug|Any CPU.Build.0 = Debug|Any CPU
		{B9549C77-67A4-C1A8-7A32-3C1DF003F825}.Release|Any CPU.ActiveCfg = Release|Any CPU
		{B9549C77-67A4-C1A8-7A32-3C1DF003F825}.Release|Any CPU.Build.0 = Release|Any CPU
		{2BFF8DE8-325E-EEB5-A771-CF2402825DB2}.Debug|Any CPU.ActiveCfg = Debug|Any CPU
		{2BFF8DE8-325E-EEB5-A771-CF2402825DB2}.Debug|Any CPU.Build.0 = Debug|Any CPU
		{2BFF8DE8-325E-EEB5-A771-CF2402825DB2}.Release|Any CPU.ActiveCfg = Release|Any CPU
		{2BFF8DE8-325E-EEB5-A771-CF2402825DB2}.Release|Any CPU.Build.0 = Release|Any CPU
	EndGlobalSection
	GlobalSection(SolutionProperties) = preSolution
		HideSolutionNode = FALSE
	EndGlobalSection
EndGlobal
